<?xml version="1.0" encoding="UTF-8" standalone="yes" ?>
<CodeBlocks_project_file>
	<FileVersion major="1" minor="6" />
	<Project>
		<Option title="SquareAES5" />
		<Option pch_mode="2" />
		<Option compiler="gcc" />
		<Build>
			<Target title="Debug">
				<Option output="bin/Debug/SquareAES5" prefix_auto="1" extension_auto="1" />
				<Option object_output="obj/Debug/" />
				<Option type="1" />
				<Option compiler="gcc" />
				<Compiler>
					<Add option="-std=c++11" />
					<Add option="-g" />
				</Compiler>
				<Linker>
					<Add option="-O2" />
				</Linker>
			</Target>
			<Target title="Release">
				<Option output="bin/Release/SquareAES5" prefix_auto="1" extension_auto="1" />
				<Option object_output="obj/Release/" />
				<Option type="1" />
				<Option compiler="gcc" />
				<Compiler>
					<Add option="-O2" />
				</Compiler>
				<Linker>
					<Add option="-s" />
				</Linker>
			</Target>
		</Build>
		<Compiler>
			<Add option="-Wall" />
			<Add option="-fexceptions" />
		</Compiler>
		<Unit filename="DeltaGenerator.cpp">
			<Option compile="0" />
			<Option link="0" />
		</Unit>
		<Unit filename="aes.h" />
		<Unit filename="aes5_slow.cpp">
			<Option compile="0" />
			<Option link="0" />
		</Unit>
		<Unit filename="aes_better1.cpp">
			<Option compile="0" />
			<Option link="0" />
		</Unit>
		<Unit filename="decrypter.cpp" />
		<Unit filename="encrypter.cpp">
			<Option compile="0" />
			<Option link="0" />
		</Unit>
		<Unit filename="main.cpp">
			<Option compile="0" />
			<Option link="0" />
		</Unit>
		<Unit filename="testSpeed.cpp">
			<Option compile="0" />
			<Option link="0" />
		</Unit>
		<Extensions />
	</Project>
</CodeBlocks_project_file>
